PODS:
  - ActionSheetPicker (0.0.2)
  - AFNetworking (1.3.2)
  - AFOAuth1Client (0.2.1):
    - AFNetworking (~> 1.3)
  - AppleGuice (0.0.1)
  - BlocksKit (1.8.2):
    - libffi
  - CJStringValidator (1.0.1)
  - Dropbox-iOS-SDK (1.3.4)
  - DYRateView (0.0.2)
  - Facebook-iOS-SDK (3.5.1)
  - GSRadioButtonSetController (1.0.0)
  - JASidePanels (1.3.1)
  - JSONKit (1.5pre)
  - libffi (3.0.13)
  - LUKeychainAccess (1.0.1)
  - MACircleProgressIndicator (1.0.0)
  - MBProgressHUD (0.6)
  - NSData+Base64 (1.0.0)
  - OAuthCore (0.0.1):
    - NSData+Base64
  - PayPal-iOS-SDK (1.0.4)
  - RestKit (0.20.3):
    - RestKit/Core
  - RestKit/Core (0.20.3):
    - RestKit/CoreData
    - RestKit/Network
    - RestKit/ObjectMapping
  - RestKit/CoreData (0.20.3)
  - RestKit/Network (0.20.3):
    - AFNetworking (~> 1.3.0)
    - RestKit/ObjectMapping
    - RestKit/Support
    - SOCKit
  - RestKit/ObjectMapping (0.20.3)
  - RestKit/Support (0.20.3):
    - TransitionKit (= 1.1.1)
  - SHOmniAuth (0.1.1):
    - LUKeychainAccess
  - SHOmniAuthTwitter (0.2.3):
    - AFOAuth1Client (~> 0.2.0)
    - SHOmniAuth (~> 0.1.0)
    - TWReverseAuth (~> 0.1.0)
  - SOCKit (1.1)
  - SSToolkit (1.0.4)
  - SVProgressHUD-Fork (0.6.5)
  - TestFlightSDK (1.3.0-beta.5)
  - TPKeyboardAvoiding (0.0.1)
  - TransitionKit (1.1.1)
  - TWReverseAuth (0.1.0):
    - LUKeychainAccess (~> 1.0.1)
    - OAuthCore (~> 0.0.1)
  - UIAlertView-Blocks (0.0.1)

DEPENDENCIES:
  - ActionSheetPicker
  - AppleGuice (from `https://raw.github.com/korzun1993/AppleGuice/master/AppleGuice.podspec`)
  - BlocksKit
  - CJStringValidator
  - Dropbox-iOS-SDK
  - DYRateView
  - Facebook-iOS-SDK
  - GSRadioButtonSetController
  - JASidePanels
  - JSONKit
  - MACircleProgressIndicator (~> 1.0.0)
  - MBProgressHUD
  - PayPal-iOS-SDK
  - RestKit (= 0.20.3)
  - SHOmniAuthTwitter
  - SSToolkit
  - SVProgressHUD-Fork
  - TestFlightSDK
  - TPKeyboardAvoiding
  - UIAlertView-Blocks

EXTERNAL SOURCES:
  AppleGuice:
    :podspec: https://raw.github.com/korzun1993/AppleGuice/master/AppleGuice.podspec

SPEC CHECKSUMS:
  ActionSheetPicker: 16e212011d5c2e92b3e38609a58b93919b4056aa
  AFNetworking: 7f9bcd7c287a75476cd5c61e82fd3380e93e4c54
  AFOAuth1Client: dcde161501da2c20e6822ee26ce2b4f73f04818d
  AppleGuice: abd580ba08042c5de8f6aab168417f453a9e0100
  BlocksKit: 7396526b0816734103f6133fbb1a520c8b04e80c
  CJStringValidator: f6b1226a0d995dd36af145595ba7c2c18437a9b9
  Dropbox-iOS-SDK: 0531d0061c45b662f1748a1cbe59e2f358bdcaba
  DYRateView: ed57ab9f1ff4298bdd808591ffa654df2d43c7da
  Facebook-iOS-SDK: 0dbd897e842cefeb012ec2eb8eba659ba6b96b12
  GSRadioButtonSetController: f9083ccbc8cd9dd25477db39e88894c531a04072
  JASidePanels: bdc86395baee77fef838f5c7f3637300a7ff8c1f
  JSONKit: 409734ab3407fce90ef7eaa95d7168f38d9a6601
  libffi: 64ef39353e747bb2b25e1026afd96a157bf9231c
  LUKeychainAccess: 6ba22b2e1eec24f9f2fc9c6a9087d5524a58b1a2
  MACircleProgressIndicator: dc497a2c68dd930d4aea837b1a732a56ce4bd6d8
  MBProgressHUD: 9b55a90566fb5d07df0602f6fd9fa04510ad5d52
  NSData+Base64: 36c4e5b6479259c1a68866ccd2a8dd385c9744f7
  OAuthCore: 4164eec5e28c68f794953446e68f91054ffe570c
  PayPal-iOS-SDK: 99ea7da171a723a31ec6a14131a3372d1fe92d3a
  RestKit: 1f181c180105a92f11ec4f6cd7de37625e516d83
  SHOmniAuth: 7e554527fb5d5bd6296439347f009a77677d088d
  SHOmniAuthTwitter: c653744abf7a1a2e888389b12d33449a973ce526
  SOCKit: 2f3bc4d07910de12dcc202815e07db68a3802581
  SSToolkit: 689acaedac79c2079e492e528a55bcb5db9d98c4
  SVProgressHUD-Fork: d18cc33c8d6966400ffba70f81d95c8feeb92de8
  TestFlightSDK: 6c97c15d0fb4735bac761ec563ba7dfe11541cbf
  TPKeyboardAvoiding: 7289409b17dc2193a3f324672283c542f17c1bb1
  TransitionKit: d0e3344aac92991395d4c2e72d9c5a8ceeb12910
  TWReverseAuth: c0244d8d66ffdadf98137f86aaf649b3cbc97a76
  UIAlertView-Blocks: 7689ad7dd941417e7a7da81507482bc6f4f15bcd

COCOAPODS: 0.23.0
