PODS:
  - AFNetworking (1.1.0)
  - AppleGuice (0.0.1)
  - CJStringValidator (1.0.1)
  - Facebook-iOS-SDK (3.5.1)
  - MBProgressHUD (0.6)
  - RestKit (0.20.0):
    - RestKit/Core
  - RestKit/Core (0.20.0):
    - RestKit/CoreData
    - RestKit/Network
    - RestKit/ObjectMapping
  - RestKit/CoreData (0.20.0)
  - RestKit/Network (0.20.0):
    - AFNetworking (= 1.1.0)
    - RestKit/ObjectMapping
    - RestKit/Support
    - SOCKit
  - RestKit/ObjectMapping (0.20.0)
  - RestKit/Support (0.20.0)
  - SOCKit (1.1)

DEPENDENCIES:
  - AppleGuice (from `https://raw.github.com/korzun1993/AppleGuice/master/AppleGuice.podspec`)
  - CJStringValidator
  - Facebook-iOS-SDK
  - MBProgressHUD
  - RestKit

EXTERNAL SOURCES:
  AppleGuice:
    :podspec: https://raw.github.com/korzun1993/AppleGuice/master/AppleGuice.podspec

SPEC CHECKSUMS:
  AFNetworking: 761a418233d280c1e0580bcb76ff9cb4c3073d17
  AppleGuice: abd580ba08042c5de8f6aab168417f453a9e0100
  CJStringValidator: f6b1226a0d995dd36af145595ba7c2c18437a9b9
  Facebook-iOS-SDK: 0dbd897e842cefeb012ec2eb8eba659ba6b96b12
  MBProgressHUD: 9b55a90566fb5d07df0602f6fd9fa04510ad5d52
  RestKit: 580771664a14eaaa40bf53cf83584f12fc141930
  SOCKit: ed67aeeca4a697b63a933229e53f4670d5b9300f

COCOAPODS: 0.18.1
