// !$*UTF8*$!
{
	archiveVersion = 1;
	classes = {
	};
	objectVersion = 46;
	objects = {

/* Begin PBXBuildFile section */
		A784C599173A865E005E4921 /* UIKit.framework in Frameworks */ = {isa = PBXBuildFile; fileRef = A784C598173A865E005E4921 /* UIKit.framework */; };
		A784C59B173A865E005E4921 /* Foundation.framework in Frameworks */ = {isa = PBXBuildFile; fileRef = A784C59A173A865E005E4921 /* Foundation.framework */; };
		A784C59D173A865E005E4921 /* CoreGraphics.framework in Frameworks */ = {isa = PBXBuildFile; fileRef = A784C59C173A865E005E4921 /* CoreGraphics.framework */; };
		A784C5A3173A865E005E4921 /* InfoPlist.strings in Resources */ = {isa = PBXBuildFile; fileRef = A784C5A1173A865E005E4921 /* InfoPlist.strings */; };
		A784C5A5173A865E005E4921 /* main.m in Sources */ = {isa = PBXBuildFile; fileRef = A784C5A4173A865E005E4921 /* main.m */; };
		A784C5AB173A865E005E4921 /* Default.png in Resources */ = {isa = PBXBuildFile; fileRef = A784C5AA173A865E005E4921 /* Default.png */; };
		A784C5AD173A865E005E4921 /* Default@2x.png in Resources */ = {isa = PBXBuildFile; fileRef = A784C5AC173A865E005E4921 /* Default@2x.png */; };
		A784C5AF173A865E005E4921 /* Default-568h@2x.png in Resources */ = {isa = PBXBuildFile; fileRef = A784C5AE173A865E005E4921 /* Default-568h@2x.png */; };
		AF3066E8570844AE8EC2A396 /* libPods.a in Frameworks */ = {isa = PBXBuildFile; fileRef = 3EA3BC22A4CB480B8934991C /* libPods.a */; };
		D31DB8B7174CF9D7009814AF /* CCViewController.m in Sources */ = {isa = PBXBuildFile; fileRef = D31DB8B5174CF9D7009814AF /* CCViewController.m */; };
		D31DB8B8174CF9D7009814AF /* CCViewController.xib in Resources */ = {isa = PBXBuildFile; fileRef = D31DB8B6174CF9D7009814AF /* CCViewController.xib */; };
		D31DB8BD174CFA78009814AF /* CCSignUPController.m in Sources */ = {isa = PBXBuildFile; fileRef = D31DB8BB174CFA78009814AF /* CCSignUPController.m */; };
		D31DB8BE174CFA78009814AF /* CCSignUPController.xib in Resources */ = {isa = PBXBuildFile; fileRef = D31DB8BC174CFA78009814AF /* CCSignUPController.xib */; };
		D31DB8C2174CFFDC009814AF /* CCLoginTransaction.m in Sources */ = {isa = PBXBuildFile; fileRef = D31DB8C1174CFFDC009814AF /* CCLoginTransaction.m */; };
		D31DB8C6174D036F009814AF /* CCSignUpTransaction.m in Sources */ = {isa = PBXBuildFile; fileRef = D31DB8C5174D036F009814AF /* CCSignUpTransaction.m */; };
		D31DB8CA174D0EB8009814AF /* CCSignUpAPIProvider.m in Sources */ = {isa = PBXBuildFile; fileRef = D31DB8C9174D0EB8009814AF /* CCSignUpAPIProvider.m */; };
		D31DB8CF174D2173009814AF /* CCLoginScreenTransaction.m in Sources */ = {isa = PBXBuildFile; fileRef = D31DB8CE174D2173009814AF /* CCLoginScreenTransaction.m */; };
		D31DB8D4174D2273009814AF /* CCLoginController.m in Sources */ = {isa = PBXBuildFile; fileRef = D31DB8D2174D2273009814AF /* CCLoginController.m */; };
		D31DB8D5174D2273009814AF /* CCLoginController.xib in Resources */ = {isa = PBXBuildFile; fileRef = D31DB8D3174D2273009814AF /* CCLoginController.xib */; };
		D31DB8D9174D23F6009814AF /* CCWelcomeController.m in Sources */ = {isa = PBXBuildFile; fileRef = D31DB8D6174D23F6009814AF /* CCWelcomeController.m */; };
		D31DB8DA174D23F6009814AF /* CCWelcomeController.xib in Resources */ = {isa = PBXBuildFile; fileRef = D31DB8D8174D23F6009814AF /* CCWelcomeController.xib */; };
		D31DB8E0174E1E91009814AF /* CCAuthorizationResponse.m in Sources */ = {isa = PBXBuildFile; fileRef = D31DB8DF174E1E91009814AF /* CCAuthorizationResponse.m */; };
		D32488FE174BC34400A0E452 /* CCLoginAPIProvider.m in Sources */ = {isa = PBXBuildFile; fileRef = D32488FD174BC34400A0E452 /* CCLoginAPIProvider.m */; };
		D3248907174BC91C00A0E452 /* CCUser.m in Sources */ = {isa = PBXBuildFile; fileRef = D3248906174BC91C00A0E452 /* CCUser.m */; };
		D324890A174BC92D00A0E452 /* CCAuthorization.m in Sources */ = {isa = PBXBuildFile; fileRef = D3248909174BC92D00A0E452 /* CCAuthorization.m */; };
		D361863D1743ADCA00B501BC /* CCAppDelegate.m in Sources */ = {isa = PBXBuildFile; fileRef = D361863C1743ADCA00B501BC /* CCAppDelegate.m */; };
		D36186421743AE9600B501BC /* CCRestKitConfigurator.m in Sources */ = {isa = PBXBuildFile; fileRef = D36186411743AE9600B501BC /* CCRestKitConfigurator.m */; };
		D36186461743B08A00B501BC /* CCDefines.m in Sources */ = {isa = PBXBuildFile; fileRef = D36186451743B08A00B501BC /* CCDefines.m */; };
		D36186481743B13E00B501BC /* SystemConfiguration.framework in Frameworks */ = {isa = PBXBuildFile; fileRef = D36186471743B13E00B501BC /* SystemConfiguration.framework */; };
		D361864C1743B2AE00B501BC /* CCAlertDefines.m in Sources */ = {isa = PBXBuildFile; fileRef = D361864B1743B2AE00B501BC /* CCAlertDefines.m */; };
		D36AC7CE174E68740005BE22 /* CCLogoutTransaction.m in Sources */ = {isa = PBXBuildFile; fileRef = D36AC7CD174E68740005BE22 /* CCLogoutTransaction.m */; };
		D36AC7D7174E72570005BE22 /* CCUserProfile.m in Sources */ = {isa = PBXBuildFile; fileRef = D36AC7D5174E72570005BE22 /* CCUserProfile.m */; };
		D36AC7D8174E72570005BE22 /* CCUserProfile.xib in Resources */ = {isa = PBXBuildFile; fileRef = D36AC7D6174E72570005BE22 /* CCUserProfile.xib */; };
		D36AC7DC174E75AF0005BE22 /* CCInitialUserProfileTransaction.m in Sources */ = {isa = PBXBuildFile; fileRef = D36AC7DB174E75AF0005BE22 /* CCInitialUserProfileTransaction.m */; };
		D36AC7E1174E7DD10005BE22 /* CCWelcomeScreenConfigurator.m in Sources */ = {isa = PBXBuildFile; fileRef = D36AC7E0174E7DD10005BE22 /* CCWelcomeScreenConfigurator.m */; };
		D39F1C0D174FB413008E08A2 /* CCUserProfileTransaction.m in Sources */ = {isa = PBXBuildFile; fileRef = D39F1C0C174FB413008E08A2 /* CCUserProfileTransaction.m */; };
		D3E1ED22174B6C29000D92AE /* CCMainTransaction.m in Sources */ = {isa = PBXBuildFile; fileRef = D3E1ED21174B6C29000D92AE /* CCMainTransaction.m */; };
		D3E1ED41174B9231000D92AE /* CCMenuController.m in Sources */ = {isa = PBXBuildFile; fileRef = D3E1ED3F174B9231000D92AE /* CCMenuController.m */; };
		D3E1ED42174B9231000D92AE /* CCMenuController.xib in Resources */ = {isa = PBXBuildFile; fileRef = D3E1ED40174B9231000D92AE /* CCMenuController.xib */; };
		D3E1ED49174BB14C000D92AE /* CCUserSession.m in Sources */ = {isa = PBXBuildFile; fileRef = D3E1ED48174BB14C000D92AE /* CCUserSession.m */; };
		D3E1ED4D174BB87A000D92AE /* CCAPIProvider.m in Sources */ = {isa = PBXBuildFile; fileRef = D3E1ED4C174BB87A000D92AE /* CCAPIProvider.m */; };
		D3E1ED57174BBA5B000D92AE /* CCFaceBookAPI.m in Sources */ = {isa = PBXBuildFile; fileRef = D3E1ED55174BBA5B000D92AE /* CCFaceBookAPI.m */; };
/* End PBXBuildFile section */

/* Begin PBXFileReference section */
		3EA3BC22A4CB480B8934991C /* libPods.a */ = {isa = PBXFileReference; explicitFileType = archive.ar; includeInIndex = 0; path = libPods.a; sourceTree = BUILT_PRODUCTS_DIR; };
		9BB59B0DCE10407AB5B88568 /* Pods.xcconfig */ = {isa = PBXFileReference; includeInIndex = 1; lastKnownFileType = text.xcconfig; name = Pods.xcconfig; path = Pods/Pods.xcconfig; sourceTree = SOURCE_ROOT; };
		A784C595173A865E005E4921 /* CollegeConnect.app */ = {isa = PBXFileReference; explicitFileType = wrapper.application; includeInIndex = 0; path = CollegeConnect.app; sourceTree = BUILT_PRODUCTS_DIR; };
		A784C598173A865E005E4921 /* UIKit.framework */ = {isa = PBXFileReference; lastKnownFileType = wrapper.framework; name = UIKit.framework; path = System/Library/Frameworks/UIKit.framework; sourceTree = SDKROOT; };
		A784C59A173A865E005E4921 /* Foundation.framework */ = {isa = PBXFileReference; lastKnownFileType = wrapper.framework; name = Foundation.framework; path = System/Library/Frameworks/Foundation.framework; sourceTree = SDKROOT; };
		A784C59C173A865E005E4921 /* CoreGraphics.framework */ = {isa = PBXFileReference; lastKnownFileType = wrapper.framework; name = CoreGraphics.framework; path = System/Library/Frameworks/CoreGraphics.framework; sourceTree = SDKROOT; };
		A784C5A0173A865E005E4921 /* CollegeConnect-Info.plist */ = {isa = PBXFileReference; lastKnownFileType = text.plist.xml; path = "CollegeConnect-Info.plist"; sourceTree = "<group>"; };
		A784C5A2173A865E005E4921 /* en */ = {isa = PBXFileReference; lastKnownFileType = text.plist.strings; name = en; path = en.lproj/InfoPlist.strings; sourceTree = "<group>"; };
		A784C5A4173A865E005E4921 /* main.m */ = {isa = PBXFileReference; lastKnownFileType = sourcecode.c.objc; path = main.m; sourceTree = "<group>"; };
		A784C5A6173A865E005E4921 /* CollegeConnect-Prefix.pch */ = {isa = PBXFileReference; lastKnownFileType = sourcecode.c.h; path = "CollegeConnect-Prefix.pch"; sourceTree = "<group>"; };
		A784C5AA173A865E005E4921 /* Default.png */ = {isa = PBXFileReference; lastKnownFileType = image.png; path = Default.png; sourceTree = "<group>"; };
		A784C5AC173A865E005E4921 /* Default@2x.png */ = {isa = PBXFileReference; lastKnownFileType = image.png; path = "Default@2x.png"; sourceTree = "<group>"; };
		A784C5AE173A865E005E4921 /* Default-568h@2x.png */ = {isa = PBXFileReference; lastKnownFileType = image.png; path = "Default-568h@2x.png"; sourceTree = "<group>"; };
		D31DB8B4174CF9D7009814AF /* CCViewController.h */ = {isa = PBXFileReference; fileEncoding = 4; lastKnownFileType = sourcecode.c.h; name = CCViewController.h; path = CollegeConnect/Controllers/BaseController/CCViewController.h; sourceTree = SOURCE_ROOT; };
		D31DB8B5174CF9D7009814AF /* CCViewController.m */ = {isa = PBXFileReference; fileEncoding = 4; lastKnownFileType = sourcecode.c.objc; name = CCViewController.m; path = CollegeConnect/Controllers/BaseController/CCViewController.m; sourceTree = SOURCE_ROOT; };
		D31DB8B6174CF9D7009814AF /* CCViewController.xib */ = {isa = PBXFileReference; fileEncoding = 4; lastKnownFileType = file.xib; name = CCViewController.xib; path = CollegeConnect/Controllers/BaseController/CCViewController.xib; sourceTree = SOURCE_ROOT; };
		D31DB8BA174CFA78009814AF /* CCSignUPController.h */ = {isa = PBXFileReference; fileEncoding = 4; lastKnownFileType = sourcecode.c.h; path = CCSignUPController.h; sourceTree = "<group>"; };
		D31DB8BB174CFA78009814AF /* CCSignUPController.m */ = {isa = PBXFileReference; fileEncoding = 4; lastKnownFileType = sourcecode.c.objc; path = CCSignUPController.m; sourceTree = "<group>"; };
		D31DB8BC174CFA78009814AF /* CCSignUPController.xib */ = {isa = PBXFileReference; fileEncoding = 4; lastKnownFileType = file.xib; path = CCSignUPController.xib; sourceTree = "<group>"; };
		D31DB8C0174CFFDC009814AF /* CCLoginTransaction.h */ = {isa = PBXFileReference; fileEncoding = 4; lastKnownFileType = sourcecode.c.h; path = CCLoginTransaction.h; sourceTree = "<group>"; };
		D31DB8C1174CFFDC009814AF /* CCLoginTransaction.m */ = {isa = PBXFileReference; fileEncoding = 4; lastKnownFileType = sourcecode.c.objc; path = CCLoginTransaction.m; sourceTree = "<group>"; };
		D31DB8C4174D036F009814AF /* CCSignUpTransaction.h */ = {isa = PBXFileReference; fileEncoding = 4; lastKnownFileType = sourcecode.c.h; path = CCSignUpTransaction.h; sourceTree = "<group>"; };
		D31DB8C5174D036F009814AF /* CCSignUpTransaction.m */ = {isa = PBXFileReference; fileEncoding = 4; lastKnownFileType = sourcecode.c.objc; path = CCSignUpTransaction.m; sourceTree = "<group>"; };
		D31DB8C8174D0EB8009814AF /* CCSignUpAPIProvider.h */ = {isa = PBXFileReference; fileEncoding = 4; lastKnownFileType = sourcecode.c.h; path = CCSignUpAPIProvider.h; sourceTree = "<group>"; };
		D31DB8C9174D0EB8009814AF /* CCSignUpAPIProvider.m */ = {isa = PBXFileReference; fileEncoding = 4; lastKnownFileType = sourcecode.c.objc; path = CCSignUpAPIProvider.m; sourceTree = "<group>"; };
		D31DB8CB174D0ECE009814AF /* CCSignUPAPIProtocol.h */ = {isa = PBXFileReference; lastKnownFileType = sourcecode.c.h; path = CCSignUPAPIProtocol.h; sourceTree = "<group>"; };
		D31DB8CD174D2173009814AF /* CCLoginScreenTransaction.h */ = {isa = PBXFileReference; fileEncoding = 4; lastKnownFileType = sourcecode.c.h; path = CCLoginScreenTransaction.h; sourceTree = "<group>"; };
		D31DB8CE174D2173009814AF /* CCLoginScreenTransaction.m */ = {isa = PBXFileReference; fileEncoding = 4; lastKnownFileType = sourcecode.c.objc; path = CCLoginScreenTransaction.m; sourceTree = "<group>"; };
		D31DB8D1174D2273009814AF /* CCLoginController.h */ = {isa = PBXFileReference; fileEncoding = 4; lastKnownFileType = sourcecode.c.h; path = CCLoginController.h; sourceTree = "<group>"; };
		D31DB8D2174D2273009814AF /* CCLoginController.m */ = {isa = PBXFileReference; fileEncoding = 4; lastKnownFileType = sourcecode.c.objc; path = CCLoginController.m; sourceTree = "<group>"; };
		D31DB8D3174D2273009814AF /* CCLoginController.xib */ = {isa = PBXFileReference; fileEncoding = 4; lastKnownFileType = file.xib; path = CCLoginController.xib; sourceTree = "<group>"; };
		D31DB8D6174D23F6009814AF /* CCWelcomeController.m */ = {isa = PBXFileReference; fileEncoding = 4; lastKnownFileType = sourcecode.c.objc; name = CCWelcomeController.m; path = CollegeConnect/Controllers/WelcomeScreen/CCWelcomeController.m; sourceTree = SOURCE_ROOT; };
		D31DB8D7174D23F6009814AF /* CCWelcomeController.h */ = {isa = PBXFileReference; fileEncoding = 4; lastKnownFileType = sourcecode.c.h; name = CCWelcomeController.h; path = CollegeConnect/Controllers/WelcomeScreen/CCWelcomeController.h; sourceTree = SOURCE_ROOT; };
		D31DB8D8174D23F6009814AF /* CCWelcomeController.xib */ = {isa = PBXFileReference; fileEncoding = 4; lastKnownFileType = file.xib; name = CCWelcomeController.xib; path = CollegeConnect/Controllers/WelcomeScreen/CCWelcomeController.xib; sourceTree = SOURCE_ROOT; };
		D31DB8DE174E1E91009814AF /* CCAuthorizationResponse.h */ = {isa = PBXFileReference; fileEncoding = 4; lastKnownFileType = sourcecode.c.h; path = CCAuthorizationResponse.h; sourceTree = "<group>"; };
		D31DB8DF174E1E91009814AF /* CCAuthorizationResponse.m */ = {isa = PBXFileReference; fileEncoding = 4; lastKnownFileType = sourcecode.c.objc; path = CCAuthorizationResponse.m; sourceTree = "<group>"; };
		D32488FC174BC34400A0E452 /* CCLoginAPIProvider.h */ = {isa = PBXFileReference; fileEncoding = 4; lastKnownFileType = sourcecode.c.h; path = CCLoginAPIProvider.h; sourceTree = "<group>"; };
		D32488FD174BC34400A0E452 /* CCLoginAPIProvider.m */ = {isa = PBXFileReference; fileEncoding = 4; lastKnownFileType = sourcecode.c.objc; path = CCLoginAPIProvider.m; sourceTree = "<group>"; };
		D32488FF174BC35D00A0E452 /* CCLoginAPIProviderProtocol.h */ = {isa = PBXFileReference; lastKnownFileType = sourcecode.c.h; path = CCLoginAPIProviderProtocol.h; sourceTree = "<group>"; };
		D3248902174BC56900A0E452 /* CCTypesDefinition.h */ = {isa = PBXFileReference; fileEncoding = 4; lastKnownFileType = sourcecode.c.h; path = CCTypesDefinition.h; sourceTree = "<group>"; };
		D3248905174BC91C00A0E452 /* CCUser.h */ = {isa = PBXFileReference; fileEncoding = 4; lastKnownFileType = sourcecode.c.h; path = CCUser.h; sourceTree = "<group>"; };
		D3248906174BC91C00A0E452 /* CCUser.m */ = {isa = PBXFileReference; fileEncoding = 4; lastKnownFileType = sourcecode.c.objc; path = CCUser.m; sourceTree = "<group>"; };
		D3248908174BC92D00A0E452 /* CCAuthorization.h */ = {isa = PBXFileReference; fileEncoding = 4; lastKnownFileType = sourcecode.c.h; path = CCAuthorization.h; sourceTree = "<group>"; };
		D3248909174BC92D00A0E452 /* CCAuthorization.m */ = {isa = PBXFileReference; fileEncoding = 4; lastKnownFileType = sourcecode.c.objc; path = CCAuthorization.m; sourceTree = "<group>"; };
		D361863B1743ADCA00B501BC /* CCAppDelegate.h */ = {isa = PBXFileReference; fileEncoding = 4; lastKnownFileType = sourcecode.c.h; path = CCAppDelegate.h; sourceTree = "<group>"; };
		D361863C1743ADCA00B501BC /* CCAppDelegate.m */ = {isa = PBXFileReference; fileEncoding = 4; lastKnownFileType = sourcecode.c.objc; path = CCAppDelegate.m; sourceTree = "<group>"; };
		D36186401743AE9600B501BC /* CCRestKitConfigurator.h */ = {isa = PBXFileReference; fileEncoding = 4; lastKnownFileType = sourcecode.c.h; path = CCRestKitConfigurator.h; sourceTree = "<group>"; };
		D36186411743AE9600B501BC /* CCRestKitConfigurator.m */ = {isa = PBXFileReference; fileEncoding = 4; lastKnownFileType = sourcecode.c.objc; path = CCRestKitConfigurator.m; sourceTree = "<group>"; };
		D36186441743B08A00B501BC /* CCDefines.h */ = {isa = PBXFileReference; fileEncoding = 4; lastKnownFileType = sourcecode.c.h; path = CCDefines.h; sourceTree = "<group>"; };
		D36186451743B08A00B501BC /* CCDefines.m */ = {isa = PBXFileReference; fileEncoding = 4; lastKnownFileType = sourcecode.c.objc; path = CCDefines.m; sourceTree = "<group>"; };
		D36186471743B13E00B501BC /* SystemConfiguration.framework */ = {isa = PBXFileReference; lastKnownFileType = wrapper.framework; name = SystemConfiguration.framework; path = System/Library/Frameworks/SystemConfiguration.framework; sourceTree = SDKROOT; };
		D361864A1743B2AE00B501BC /* CCAlertDefines.h */ = {isa = PBXFileReference; fileEncoding = 4; lastKnownFileType = sourcecode.c.h; path = CCAlertDefines.h; sourceTree = "<group>"; };
		D361864B1743B2AE00B501BC /* CCAlertDefines.m */ = {isa = PBXFileReference; fileEncoding = 4; lastKnownFileType = sourcecode.c.objc; path = CCAlertDefines.m; sourceTree = "<group>"; };
		D36AC7CC174E68740005BE22 /* CCLogoutTransaction.h */ = {isa = PBXFileReference; fileEncoding = 4; lastKnownFileType = sourcecode.c.h; path = CCLogoutTransaction.h; sourceTree = "<group>"; };
		D36AC7CD174E68740005BE22 /* CCLogoutTransaction.m */ = {isa = PBXFileReference; fileEncoding = 4; lastKnownFileType = sourcecode.c.objc; path = CCLogoutTransaction.m; sourceTree = "<group>"; };
		D36AC7D4174E72570005BE22 /* CCUserProfile.h */ = {isa = PBXFileReference; fileEncoding = 4; lastKnownFileType = sourcecode.c.h; path = CCUserProfile.h; sourceTree = "<group>"; };
		D36AC7D5174E72570005BE22 /* CCUserProfile.m */ = {isa = PBXFileReference; fileEncoding = 4; lastKnownFileType = sourcecode.c.objc; path = CCUserProfile.m; sourceTree = "<group>"; };
		D36AC7D6174E72570005BE22 /* CCUserProfile.xib */ = {isa = PBXFileReference; fileEncoding = 4; lastKnownFileType = file.xib; path = CCUserProfile.xib; sourceTree = "<group>"; };
		D36AC7DA174E75AF0005BE22 /* CCInitialUserProfileTransaction.h */ = {isa = PBXFileReference; fileEncoding = 4; lastKnownFileType = sourcecode.c.h; path = CCInitialUserProfileTransaction.h; sourceTree = "<group>"; };
		D36AC7DB174E75AF0005BE22 /* CCInitialUserProfileTransaction.m */ = {isa = PBXFileReference; fileEncoding = 4; lastKnownFileType = sourcecode.c.objc; path = CCInitialUserProfileTransaction.m; sourceTree = "<group>"; };
		D36AC7DF174E7DD10005BE22 /* CCWelcomeScreenConfigurator.h */ = {isa = PBXFileReference; fileEncoding = 4; lastKnownFileType = sourcecode.c.h; path = CCWelcomeScreenConfigurator.h; sourceTree = "<group>"; };
		D36AC7E0174E7DD10005BE22 /* CCWelcomeScreenConfigurator.m */ = {isa = PBXFileReference; fileEncoding = 4; lastKnownFileType = sourcecode.c.objc; path = CCWelcomeScreenConfigurator.m; sourceTree = "<group>"; };
		D39F1C0B174FB413008E08A2 /* CCUserProfileTransaction.h */ = {isa = PBXFileReference; fileEncoding = 4; lastKnownFileType = sourcecode.c.h; path = CCUserProfileTransaction.h; sourceTree = "<group>"; };
		D39F1C0C174FB413008E08A2 /* CCUserProfileTransaction.m */ = {isa = PBXFileReference; fileEncoding = 4; lastKnownFileType = sourcecode.c.objc; path = CCUserProfileTransaction.m; sourceTree = "<group>"; };
		D3E1ED1D174B6BCF000D92AE /* CCTransaction.h */ = {isa = PBXFileReference; fileEncoding = 4; lastKnownFileType = sourcecode.c.h; path = CCTransaction.h; sourceTree = "<group>"; };
		D3E1ED1E174B6BCF000D92AE /* CCTransactionWithObject.h */ = {isa = PBXFileReference; fileEncoding = 4; lastKnownFileType = sourcecode.c.h; path = CCTransactionWithObject.h; sourceTree = "<group>"; };
		D3E1ED20174B6C29000D92AE /* CCMainTransaction.h */ = {isa = PBXFileReference; fileEncoding = 4; lastKnownFileType = sourcecode.c.h; path = CCMainTransaction.h; sourceTree = "<group>"; };
		D3E1ED21174B6C29000D92AE /* CCMainTransaction.m */ = {isa = PBXFileReference; fileEncoding = 4; lastKnownFileType = sourcecode.c.objc; path = CCMainTransaction.m; sourceTree = "<group>"; };
		D3E1ED3E174B9231000D92AE /* CCMenuController.h */ = {isa = PBXFileReference; fileEncoding = 4; lastKnownFileType = sourcecode.c.h; path = CCMenuController.h; sourceTree = "<group>"; };
		D3E1ED3F174B9231000D92AE /* CCMenuController.m */ = {isa = PBXFileReference; fileEncoding = 4; lastKnownFileType = sourcecode.c.objc; path = CCMenuController.m; sourceTree = "<group>"; };
		D3E1ED40174B9231000D92AE /* CCMenuController.xib */ = {isa = PBXFileReference; fileEncoding = 4; lastKnownFileType = file.xib; path = CCMenuController.xib; sourceTree = "<group>"; };
		D3E1ED46174BB130000D92AE /* CCUserSessionProtocol.h */ = {isa = PBXFileReference; lastKnownFileType = sourcecode.c.h; path = CCUserSessionProtocol.h; sourceTree = "<group>"; };
		D3E1ED47174BB14C000D92AE /* CCUserSession.h */ = {isa = PBXFileReference; fileEncoding = 4; lastKnownFileType = sourcecode.c.h; path = CCUserSession.h; sourceTree = "<group>"; };
		D3E1ED48174BB14C000D92AE /* CCUserSession.m */ = {isa = PBXFileReference; fileEncoding = 4; lastKnownFileType = sourcecode.c.objc; path = CCUserSession.m; sourceTree = "<group>"; };
		D3E1ED4B174BB87A000D92AE /* CCAPIProvider.h */ = {isa = PBXFileReference; fileEncoding = 4; lastKnownFileType = sourcecode.c.h; path = CCAPIProvider.h; sourceTree = "<group>"; };
		D3E1ED4C174BB87A000D92AE /* CCAPIProvider.m */ = {isa = PBXFileReference; fileEncoding = 4; lastKnownFileType = sourcecode.c.objc; path = CCAPIProvider.m; sourceTree = "<group>"; };
		D3E1ED4E174BB8E9000D92AE /* CCAPIProviderProtocol.h */ = {isa = PBXFileReference; lastKnownFileType = sourcecode.c.h; path = CCAPIProviderProtocol.h; sourceTree = "<group>"; };
		D3E1ED54174BBA5B000D92AE /* CCFaceBookAPI.h */ = {isa = PBXFileReference; fileEncoding = 4; lastKnownFileType = sourcecode.c.h; path = CCFaceBookAPI.h; sourceTree = "<group>"; };
		D3E1ED55174BBA5B000D92AE /* CCFaceBookAPI.m */ = {isa = PBXFileReference; fileEncoding = 4; lastKnownFileType = sourcecode.c.objc; path = CCFaceBookAPI.m; sourceTree = "<group>"; };
		D3E1ED56174BBA5B000D92AE /* CCFaceBookAPIProtocol.h */ = {isa = PBXFileReference; fileEncoding = 4; lastKnownFileType = sourcecode.c.h; path = CCFaceBookAPIProtocol.h; sourceTree = "<group>"; };
/* End PBXFileReference section */

/* Begin PBXFrameworksBuildPhase section */
		A784C592173A865E005E4921 /* Frameworks */ = {
			isa = PBXFrameworksBuildPhase;
			buildActionMask = 2147483647;
			files = (
				D36186481743B13E00B501BC /* SystemConfiguration.framework in Frameworks */,
				A784C599173A865E005E4921 /* UIKit.framework in Frameworks */,
				A784C59B173A865E005E4921 /* Foundation.framework in Frameworks */,
				A784C59D173A865E005E4921 /* CoreGraphics.framework in Frameworks */,
				AF3066E8570844AE8EC2A396 /* libPods.a in Frameworks */,
			);
			runOnlyForDeploymentPostprocessing = 0;
		};
/* End PBXFrameworksBuildPhase section */

/* Begin PBXGroup section */
		A784C58C173A865E005E4921 = {
			isa = PBXGroup;
			children = (
				A784C59E173A865E005E4921 /* CollegeConnect */,
				A784C597173A865E005E4921 /* Frameworks */,
				A784C596173A865E005E4921 /* Products */,
				9BB59B0DCE10407AB5B88568 /* Pods.xcconfig */,
			);
			sourceTree = "<group>";
		};
		A784C596173A865E005E4921 /* Products */ = {
			isa = PBXGroup;
			children = (
				A784C595173A865E005E4921 /* CollegeConnect.app */,
			);
			name = Products;
			sourceTree = "<group>";
		};
		A784C597173A865E005E4921 /* Frameworks */ = {
			isa = PBXGroup;
			children = (
				D36186471743B13E00B501BC /* SystemConfiguration.framework */,
				A784C598173A865E005E4921 /* UIKit.framework */,
				A784C59A173A865E005E4921 /* Foundation.framework */,
				A784C59C173A865E005E4921 /* CoreGraphics.framework */,
				3EA3BC22A4CB480B8934991C /* libPods.a */,
			);
			name = Frameworks;
			sourceTree = "<group>";
		};
		A784C59E173A865E005E4921 /* CollegeConnect */ = {
			isa = PBXGroup;
			children = (
				D3E1ED19174B6AC5000D92AE /* Trasactions */,
				D3E1ED43174BB106000D92AE /* Services */,
				D361863A1743ADCA00B501BC /* AppDelegate */,
				D3E1ED23174B6D26000D92AE /* Controllers */,
				D361863E1743AE7E00B501BC /* Domain */,
				A784C59F173A865E005E4921 /* Supporting Files */,
			);
			path = CollegeConnect;
			sourceTree = "<group>";
		};
		A784C59F173A865E005E4921 /* Supporting Files */ = {
			isa = PBXGroup;
			children = (
				A784C5A0173A865E005E4921 /* CollegeConnect-Info.plist */,
				A784C5A1173A865E005E4921 /* InfoPlist.strings */,
				A784C5A4173A865E005E4921 /* main.m */,
				A784C5A6173A865E005E4921 /* CollegeConnect-Prefix.pch */,
				A784C5AA173A865E005E4921 /* Default.png */,
				A784C5AC173A865E005E4921 /* Default@2x.png */,
				A784C5AE173A865E005E4921 /* Default-568h@2x.png */,
			);
			name = "Supporting Files";
			sourceTree = "<group>";
		};
		D31DB8B9174CFA50009814AF /* SignupController */ = {
			isa = PBXGroup;
			children = (
				D31DB8BA174CFA78009814AF /* CCSignUPController.h */,
				D31DB8BB174CFA78009814AF /* CCSignUPController.m */,
				D31DB8BC174CFA78009814AF /* CCSignUPController.xib */,
			);
			path = SignupController;
			sourceTree = "<group>";
		};
		D31DB8BF174CFFBE009814AF /* LoginTransaction */ = {
			isa = PBXGroup;
			children = (
				D31DB8C0174CFFDC009814AF /* CCLoginTransaction.h */,
				D31DB8C1174CFFDC009814AF /* CCLoginTransaction.m */,
			);
			path = LoginTransaction;
			sourceTree = "<group>";
		};
		D31DB8C3174D0356009814AF /* SignupTransaction */ = {
			isa = PBXGroup;
			children = (
				D31DB8C4174D036F009814AF /* CCSignUpTransaction.h */,
				D31DB8C5174D036F009814AF /* CCSignUpTransaction.m */,
			);
			path = SignupTransaction;
			sourceTree = "<group>";
		};
		D31DB8C7174D0EA2009814AF /* SignUpAPIProvider */ = {
			isa = PBXGroup;
			children = (
				D31DB8C8174D0EB8009814AF /* CCSignUpAPIProvider.h */,
				D31DB8C9174D0EB8009814AF /* CCSignUpAPIProvider.m */,
				D31DB8CB174D0ECE009814AF /* CCSignUPAPIProtocol.h */,
			);
			path = SignUpAPIProvider;
			sourceTree = "<group>";
		};
		D31DB8CC174D215D009814AF /* LoginScreenTransaction */ = {
			isa = PBXGroup;
			children = (
				D31DB8CD174D2173009814AF /* CCLoginScreenTransaction.h */,
				D31DB8CE174D2173009814AF /* CCLoginScreenTransaction.m */,
			);
			name = LoginScreenTransaction;
			path = CollegeConnect/Trasactions/LoginScreenTransaction;
			sourceTree = SOURCE_ROOT;
		};
		D31DB8D0174D2258009814AF /* LoginScreen */ = {
			isa = PBXGroup;
			children = (
				D31DB8D1174D2273009814AF /* CCLoginController.h */,
				D31DB8D2174D2273009814AF /* CCLoginController.m */,
				D31DB8D3174D2273009814AF /* CCLoginController.xib */,
			);
			path = LoginScreen;
			sourceTree = "<group>";
		};
		D31DB8DD174E1E7E009814AF /* AuthorizationResponse */ = {
			isa = PBXGroup;
			children = (
				D31DB8DE174E1E91009814AF /* CCAuthorizationResponse.h */,
				D31DB8DF174E1E91009814AF /* CCAuthorizationResponse.m */,
			);
			path = AuthorizationResponse;
			sourceTree = "<group>";
		};
		D32488FB174BC30000A0E452 /* LoginAPIProvider */ = {
			isa = PBXGroup;
			children = (
				D32488FC174BC34400A0E452 /* CCLoginAPIProvider.h */,
				D32488FD174BC34400A0E452 /* CCLoginAPIProvider.m */,
				D32488FF174BC35D00A0E452 /* CCLoginAPIProviderProtocol.h */,
			);
			path = LoginAPIProvider;
			sourceTree = "<group>";
		};
		D3248901174BC56900A0E452 /* TypesDefinition */ = {
			isa = PBXGroup;
			children = (
				D3248902174BC56900A0E452 /* CCTypesDefinition.h */,
			);
			path = TypesDefinition;
			sourceTree = "<group>";
		};
		D3248903174BC8FC00A0E452 /* Authorization */ = {
			isa = PBXGroup;
			children = (
				D3248908174BC92D00A0E452 /* CCAuthorization.h */,
				D3248909174BC92D00A0E452 /* CCAuthorization.m */,
			);
			path = Authorization;
			sourceTree = "<group>";
		};
		D3248904174BC91C00A0E452 /* User */ = {
			isa = PBXGroup;
			children = (
				D3248905174BC91C00A0E452 /* CCUser.h */,
				D3248906174BC91C00A0E452 /* CCUser.m */,
			);
			path = User;
			sourceTree = "<group>";
		};
		D361863A1743ADCA00B501BC /* AppDelegate */ = {
			isa = PBXGroup;
			children = (
				D361863B1743ADCA00B501BC /* CCAppDelegate.h */,
				D361863C1743ADCA00B501BC /* CCAppDelegate.m */,
			);
			path = AppDelegate;
			sourceTree = "<group>";
		};
		D361863E1743AE7E00B501BC /* Domain */ = {
			isa = PBXGroup;
			children = (
				D31DB8C7174D0EA2009814AF /* SignUpAPIProvider */,
				D32488FB174BC30000A0E452 /* LoginAPIProvider */,
				D3E1ED53174BBA0A000D92AE /* FacebookAPI */,
				D3E1ED4F174BB973000D92AE /* Models */,
				D3E1ED4A174BB86B000D92AE /* APIProvider */,
				D36186431743B07300B501BC /* Defines */,
				D361863F1743AE7E00B501BC /* RestKitConfigurator */,
				D3248901174BC56900A0E452 /* TypesDefinition */,
			);
			path = Domain;
			sourceTree = "<group>";
		};
		D361863F1743AE7E00B501BC /* RestKitConfigurator */ = {
			isa = PBXGroup;
			children = (
				D36186401743AE9600B501BC /* CCRestKitConfigurator.h */,
				D36186411743AE9600B501BC /* CCRestKitConfigurator.m */,
			);
			path = RestKitConfigurator;
			sourceTree = "<group>";
		};
		D36186431743B07300B501BC /* Defines */ = {
			isa = PBXGroup;
			children = (
				D36186491743B2A400B501BC /* AlertDefines */,
				D36186441743B08A00B501BC /* CCDefines.h */,
				D36186451743B08A00B501BC /* CCDefines.m */,
			);
			path = Defines;
			sourceTree = "<group>";
		};
		D36186491743B2A400B501BC /* AlertDefines */ = {
			isa = PBXGroup;
			children = (
				D361864A1743B2AE00B501BC /* CCAlertDefines.h */,
				D361864B1743B2AE00B501BC /* CCAlertDefines.m */,
			);
			path = AlertDefines;
			sourceTree = "<group>";
		};
		D36AC7CB174E68650005BE22 /* LogoutTransaction */ = {
			isa = PBXGroup;
			children = (
				D36AC7CC174E68740005BE22 /* CCLogoutTransaction.h */,
				D36AC7CD174E68740005BE22 /* CCLogoutTransaction.m */,
			);
			path = LogoutTransaction;
			sourceTree = "<group>";
		};
		D36AC7D3174E72360005BE22 /* InitialUserInfo */ = {
			isa = PBXGroup;
			children = (
				D36AC7D4174E72570005BE22 /* CCUserProfile.h */,
				D36AC7D5174E72570005BE22 /* CCUserProfile.m */,
				D36AC7D6174E72570005BE22 /* CCUserProfile.xib */,
			);
			path = InitialUserInfo;
			sourceTree = "<group>";
		};
		D36AC7D9174E75880005BE22 /* InitialUserInfoTransaction */ = {
			isa = PBXGroup;
			children = (
				D36AC7DA174E75AF0005BE22 /* CCInitialUserProfileTransaction.h */,
				D36AC7DB174E75AF0005BE22 /* CCInitialUserProfileTransaction.m */,
			);
			path = InitialUserInfoTransaction;
			sourceTree = "<group>";
		};
		D36AC7DD174E7D8F0005BE22 /* TransactionHelpers */ = {
			isa = PBXGroup;
			children = (
				D36AC7DE174E7D900005BE22 /* WelcomeScreenConfigurator */,
			);
			path = TransactionHelpers;
			sourceTree = "<group>";
		};
		D36AC7DE174E7D900005BE22 /* WelcomeScreenConfigurator */ = {
			isa = PBXGroup;
			children = (
				D36AC7DF174E7DD10005BE22 /* CCWelcomeScreenConfigurator.h */,
				D36AC7E0174E7DD10005BE22 /* CCWelcomeScreenConfigurator.m */,
			);
			path = WelcomeScreenConfigurator;
			sourceTree = "<group>";
		};
		D39F1C0A174FB3F7008E08A2 /* UserProfileTransaction */ = {
			isa = PBXGroup;
			children = (
				D39F1C0B174FB413008E08A2 /* CCUserProfileTransaction.h */,
				D39F1C0C174FB413008E08A2 /* CCUserProfileTransaction.m */,
			);
			name = UserProfileTransaction;
			path = InitialUserInfoTransaction/UserProfileTransaction;
			sourceTree = "<group>";
		};
		D3E1ED19174B6AC5000D92AE /* Trasactions */ = {
			isa = PBXGroup;
			children = (
				D36AC7DD174E7D8F0005BE22 /* TransactionHelpers */,
				D36AC7D9174E75880005BE22 /* InitialUserInfoTransaction */,
				D39F1C0A174FB3F7008E08A2 /* UserProfileTransaction */,
				D36AC7CB174E68650005BE22 /* LogoutTransaction */,
				D31DB8C3174D0356009814AF /* SignupTransaction */,
				D31DB8CC174D215D009814AF /* LoginScreenTransaction */,
				D31DB8BF174CFFBE009814AF /* LoginTransaction */,
				D3E1ED1F174B6C17000D92AE /* MainTransaction */,
				D3E1ED1C174B6BCF000D92AE /* TransactionProtocols */,
			);
			path = Trasactions;
			sourceTree = "<group>";
		};
		D3E1ED1C174B6BCF000D92AE /* TransactionProtocols */ = {
			isa = PBXGroup;
			children = (
				D3E1ED1D174B6BCF000D92AE /* CCTransaction.h */,
				D3E1ED1E174B6BCF000D92AE /* CCTransactionWithObject.h */,
			);
			path = TransactionProtocols;
			sourceTree = "<group>";
		};
		D3E1ED1F174B6C17000D92AE /* MainTransaction */ = {
			isa = PBXGroup;
			children = (
				D3E1ED20174B6C29000D92AE /* CCMainTransaction.h */,
				D3E1ED21174B6C29000D92AE /* CCMainTransaction.m */,
			);
			path = MainTransaction;
			sourceTree = "<group>";
		};
		D3E1ED23174B6D26000D92AE /* Controllers */ = {
			isa = PBXGroup;
			children = (
				D36AC7D3174E72360005BE22 /* InitialUserInfo */,
				D31DB8D0174D2258009814AF /* LoginScreen */,
				D31DB8B9174CFA50009814AF /* SignupController */,
				D3E1ED37174B8B2A000D92AE /* BaseController */,
				D3E1ED2C174B6E0B000D92AE /* WelcomeController */,
				D3E1ED3D174B9212000D92AE /* MenuController */,
			);
			path = Controllers;
			sourceTree = "<group>";
		};
		D3E1ED2C174B6E0B000D92AE /* WelcomeController */ = {
			isa = PBXGroup;
			children = (
				D31DB8D7174D23F6009814AF /* CCWelcomeController.h */,
				D31DB8D6174D23F6009814AF /* CCWelcomeController.m */,
				D31DB8D8174D23F6009814AF /* CCWelcomeController.xib */,
			);
			name = WelcomeController;
			path = LoginController;
			sourceTree = "<group>";
		};
		D3E1ED37174B8B2A000D92AE /* BaseController */ = {
			isa = PBXGroup;
			children = (
				D31DB8B4174CF9D7009814AF /* CCViewController.h */,
				D31DB8B5174CF9D7009814AF /* CCViewController.m */,
				D31DB8B6174CF9D7009814AF /* CCViewController.xib */,
			);
			name = BaseController;
			path = LoginController/BaseController;
			sourceTree = "<group>";
		};
		D3E1ED3D174B9212000D92AE /* MenuController */ = {
			isa = PBXGroup;
			children = (
				D3E1ED3E174B9231000D92AE /* CCMenuController.h */,
				D3E1ED3F174B9231000D92AE /* CCMenuController.m */,
				D3E1ED40174B9231000D92AE /* CCMenuController.xib */,
			);
			path = MenuController;
			sourceTree = "<group>";
		};
		D3E1ED43174BB106000D92AE /* Services */ = {
			isa = PBXGroup;
			children = (
				D3E1ED44174BB106000D92AE /* UserSession */,
				D3E1ED45174BB106000D92AE /* UserSessionProtocol */,
			);
			path = Services;
			sourceTree = "<group>";
		};
		D3E1ED44174BB106000D92AE /* UserSession */ = {
			isa = PBXGroup;
			children = (
				D3E1ED47174BB14C000D92AE /* CCUserSession.h */,
				D3E1ED48174BB14C000D92AE /* CCUserSession.m */,
			);
			path = UserSession;
			sourceTree = "<group>";
		};
		D3E1ED45174BB106000D92AE /* UserSessionProtocol */ = {
			isa = PBXGroup;
			children = (
				D3E1ED46174BB130000D92AE /* CCUserSessionProtocol.h */,
			);
			path = UserSessionProtocol;
			sourceTree = "<group>";
		};
		D3E1ED4A174BB86B000D92AE /* APIProvider */ = {
			isa = PBXGroup;
			children = (
				D3E1ED4B174BB87A000D92AE /* CCAPIProvider.h */,
				D3E1ED4C174BB87A000D92AE /* CCAPIProvider.m */,
				D3E1ED4E174BB8E9000D92AE /* CCAPIProviderProtocol.h */,
			);
			path = APIProvider;
			sourceTree = "<group>";
		};
		D3E1ED4F174BB973000D92AE /* Models */ = {
			isa = PBXGroup;
			children = (
				D31DB8DD174E1E7E009814AF /* AuthorizationResponse */,
				D3248904174BC91C00A0E452 /* User */,
				D3248903174BC8FC00A0E452 /* Authorization */,
			);
			path = Models;
			sourceTree = "<group>";
		};
		D3E1ED53174BBA0A000D92AE /* FacebookAPI */ = {
			isa = PBXGroup;
			children = (
				D3E1ED54174BBA5B000D92AE /* CCFaceBookAPI.h */,
				D3E1ED55174BBA5B000D92AE /* CCFaceBookAPI.m */,
				D3E1ED56174BBA5B000D92AE /* CCFaceBookAPIProtocol.h */,
			);
			path = FacebookAPI;
			sourceTree = "<group>";
		};
/* End PBXGroup section */

/* Begin PBXNativeTarget section */
		A784C594173A865E005E4921 /* CollegeConnect */ = {
			isa = PBXNativeTarget;
			buildConfigurationList = A784C5B2173A865E005E4921 /* Build configuration list for PBXNativeTarget "CollegeConnect" */;
			buildPhases = (
				2FBE7E1872274AA59D320D6D /* Check Pods Manifest.lock */,
				A784C591173A865E005E4921 /* Sources */,
				A784C592173A865E005E4921 /* Frameworks */,
				A784C593173A865E005E4921 /* Resources */,
				9EF85DBD3B174EB2ADB731B5 /* Copy Pods Resources */,
			);
			buildRules = (
			);
			dependencies = (
			);
			name = CollegeConnect;
			productName = CollegeConnect;
			productReference = A784C595173A865E005E4921 /* CollegeConnect.app */;
			productType = "com.apple.product-type.application";
		};
/* End PBXNativeTarget section */

/* Begin PBXProject section */
		A784C58D173A865E005E4921 /* Project object */ = {
			isa = PBXProject;
			attributes = {
				CLASSPREFIX = CC;
				LastUpgradeCheck = 0460;
				ORGANIZATIONNAME = 111minutes;
			};
			buildConfigurationList = A784C590173A865E005E4921 /* Build configuration list for PBXProject "CollegeConnect" */;
			compatibilityVersion = "Xcode 3.2";
			developmentRegion = English;
			hasScannedForEncodings = 0;
			knownRegions = (
				en,
			);
			mainGroup = A784C58C173A865E005E4921;
			productRefGroup = A784C596173A865E005E4921 /* Products */;
			projectDirPath = "";
			projectRoot = "";
			targets = (
				A784C594173A865E005E4921 /* CollegeConnect */,
			);
		};
/* End PBXProject section */

/* Begin PBXResourcesBuildPhase section */
		A784C593173A865E005E4921 /* Resources */ = {
			isa = PBXResourcesBuildPhase;
			buildActionMask = 2147483647;
			files = (
				A784C5A3173A865E005E4921 /* InfoPlist.strings in Resources */,
				A784C5AB173A865E005E4921 /* Default.png in Resources */,
				A784C5AD173A865E005E4921 /* Default@2x.png in Resources */,
				A784C5AF173A865E005E4921 /* Default-568h@2x.png in Resources */,
				D3E1ED42174B9231000D92AE /* CCMenuController.xib in Resources */,
				D31DB8B8174CF9D7009814AF /* CCViewController.xib in Resources */,
				D31DB8BE174CFA78009814AF /* CCSignUPController.xib in Resources */,
				D31DB8D5174D2273009814AF /* CCLoginController.xib in Resources */,
				D31DB8DA174D23F6009814AF /* CCWelcomeController.xib in Resources */,
				D36AC7D8174E72570005BE22 /* CCUserProfile.xib in Resources */,
			);
			runOnlyForDeploymentPostprocessing = 0;
		};
/* End PBXResourcesBuildPhase section */

/* Begin PBXShellScriptBuildPhase section */
		2FBE7E1872274AA59D320D6D /* Check Pods Manifest.lock */ = {
			isa = PBXShellScriptBuildPhase;
			buildActionMask = 2147483647;
			files = (
			);
			inputPaths = (
			);
			name = "Check Pods Manifest.lock";
			outputPaths = (
			);
			runOnlyForDeploymentPostprocessing = 0;
			shellPath = /bin/sh;
			shellScript = "diff \"${PODS_ROOT}/../Podfile.lock\" \"${PODS_ROOT}/Manifest.lock\" > /dev/null\nif [[ $? != 0 ]] ; then\n    cat << EOM\nerror: The sanbox is not in sync with the Podfile.lock. Run 'pod install'.\nEOM\n    exit 1\nfi\n";
		};
		9EF85DBD3B174EB2ADB731B5 /* Copy Pods Resources */ = {
			isa = PBXShellScriptBuildPhase;
			buildActionMask = 2147483647;
			files = (
			);
			inputPaths = (
			);
			name = "Copy Pods Resources";
			outputPaths = (
			);
			runOnlyForDeploymentPostprocessing = 0;
			shellPath = /bin/sh;
			shellScript = "\"${SRCROOT}/Pods/Pods-resources.sh\"\n";
		};
/* End PBXShellScriptBuildPhase section */

/* Begin PBXSourcesBuildPhase section */
		A784C591173A865E005E4921 /* Sources */ = {
			isa = PBXSourcesBuildPhase;
			buildActionMask = 2147483647;
			files = (
				A784C5A5173A865E005E4921 /* main.m in Sources */,
				D361863D1743ADCA00B501BC /* CCAppDelegate.m in Sources */,
				D36186421743AE9600B501BC /* CCRestKitConfigurator.m in Sources */,
				D36186461743B08A00B501BC /* CCDefines.m in Sources */,
				D361864C1743B2AE00B501BC /* CCAlertDefines.m in Sources */,
				D3E1ED22174B6C29000D92AE /* CCMainTransaction.m in Sources */,
				D3E1ED41174B9231000D92AE /* CCMenuController.m in Sources */,
				D3E1ED49174BB14C000D92AE /* CCUserSession.m in Sources */,
				D3E1ED4D174BB87A000D92AE /* CCAPIProvider.m in Sources */,
				D3E1ED57174BBA5B000D92AE /* CCFaceBookAPI.m in Sources */,
				D32488FE174BC34400A0E452 /* CCLoginAPIProvider.m in Sources */,
				D3248907174BC91C00A0E452 /* CCUser.m in Sources */,
				D324890A174BC92D00A0E452 /* CCAuthorization.m in Sources */,
				D31DB8B7174CF9D7009814AF /* CCViewController.m in Sources */,
				D31DB8BD174CFA78009814AF /* CCSignUPController.m in Sources */,
				D31DB8C2174CFFDC009814AF /* CCLoginTransaction.m in Sources */,
				D31DB8C6174D036F009814AF /* CCSignUpTransaction.m in Sources */,
				D31DB8CA174D0EB8009814AF /* CCSignUpAPIProvider.m in Sources */,
				D31DB8CF174D2173009814AF /* CCLoginScreenTransaction.m in Sources */,
				D31DB8D4174D2273009814AF /* CCLoginController.m in Sources */,
				D31DB8D9174D23F6009814AF /* CCWelcomeController.m in Sources */,
				D31DB8E0174E1E91009814AF /* CCAuthorizationResponse.m in Sources */,
				D36AC7CE174E68740005BE22 /* CCLogoutTransaction.m in Sources */,
				D36AC7D7174E72570005BE22 /* CCUserProfile.m in Sources */,
				D36AC7DC174E75AF0005BE22 /* CCInitialUserProfileTransaction.m in Sources */,
				D36AC7E1174E7DD10005BE22 /* CCWelcomeScreenConfigurator.m in Sources */,
				D39F1C0D174FB413008E08A2 /* CCUserProfileTransaction.m in Sources */,
			);
			runOnlyForDeploymentPostprocessing = 0;
		};
/* End PBXSourcesBuildPhase section */

/* Begin PBXVariantGroup section */
		A784C5A1173A865E005E4921 /* InfoPlist.strings */ = {
			isa = PBXVariantGroup;
			children = (
				A784C5A2173A865E005E4921 /* en */,
			);
			name = InfoPlist.strings;
			sourceTree = "<group>";
		};
/* End PBXVariantGroup section */

/* Begin XCBuildConfiguration section */
		A784C5B0173A865E005E4921 /* Debug */ = {
			isa = XCBuildConfiguration;
			buildSettings = {
				ALWAYS_SEARCH_USER_PATHS = NO;
				CLANG_CXX_LANGUAGE_STANDARD = "gnu++0x";
				CLANG_CXX_LIBRARY = "libc++";
				CLANG_ENABLE_OBJC_ARC = YES;
				CLANG_WARN_CONSTANT_CONVERSION = YES;
				CLANG_WARN_EMPTY_BODY = YES;
				CLANG_WARN_ENUM_CONVERSION = YES;
				CLANG_WARN_INT_CONVERSION = YES;
				CLANG_WARN__DUPLICATE_METHOD_MATCH = YES;
				"CODE_SIGN_IDENTITY[sdk=iphoneos*]" = "iPhone Developer";
				COPY_PHASE_STRIP = NO;
				GCC_C_LANGUAGE_STANDARD = gnu99;
				GCC_DYNAMIC_NO_PIC = NO;
				GCC_OPTIMIZATION_LEVEL = 0;
				GCC_PREPROCESSOR_DEFINITIONS = (
					"DEBUG=1",
					"$(inherited)",
				);
				GCC_SYMBOLS_PRIVATE_EXTERN = NO;
				GCC_WARN_ABOUT_RETURN_TYPE = YES;
				GCC_WARN_UNINITIALIZED_AUTOS = YES;
				GCC_WARN_UNUSED_VARIABLE = YES;
				IPHONEOS_DEPLOYMENT_TARGET = 6.1;
				ONLY_ACTIVE_ARCH = YES;
				SDKROOT = iphoneos;
			};
			name = Debug;
		};
		A784C5B1173A865E005E4921 /* Release */ = {
			isa = XCBuildConfiguration;
			buildSettings = {
				ALWAYS_SEARCH_USER_PATHS = NO;
				CLANG_CXX_LANGUAGE_STANDARD = "gnu++0x";
				CLANG_CXX_LIBRARY = "libc++";
				CLANG_ENABLE_OBJC_ARC = YES;
				CLANG_WARN_CONSTANT_CONVERSION = YES;
				CLANG_WARN_EMPTY_BODY = YES;
				CLANG_WARN_ENUM_CONVERSION = YES;
				CLANG_WARN_INT_CONVERSION = YES;
				CLANG_WARN__DUPLICATE_METHOD_MATCH = YES;
				CODE_SIGN_IDENTITY = "iPhone Distribution";
				"CODE_SIGN_IDENTITY[sdk=iphoneos*]" = "iPhone Distribution";
				COPY_PHASE_STRIP = YES;
				GCC_C_LANGUAGE_STANDARD = gnu99;
				GCC_WARN_ABOUT_RETURN_TYPE = YES;
				GCC_WARN_UNINITIALIZED_AUTOS = YES;
				GCC_WARN_UNUSED_VARIABLE = YES;
				IPHONEOS_DEPLOYMENT_TARGET = 6.1;
				OTHER_CFLAGS = "-DNS_BLOCK_ASSERTIONS=1";
				PROVISIONING_PROFILE = "";
				"PROVISIONING_PROFILE[sdk=iphoneos*]" = "";
				SDKROOT = iphoneos;
				VALIDATE_PRODUCT = YES;
			};
			name = Release;
		};
		A784C5B3173A865E005E4921 /* Debug */ = {
			isa = XCBuildConfiguration;
			baseConfigurationReference = 9BB59B0DCE10407AB5B88568 /* Pods.xcconfig */;
			buildSettings = {
				GCC_PRECOMPILE_PREFIX_HEADER = YES;
				GCC_PREFIX_HEADER = "CollegeConnect/CollegeConnect-Prefix.pch";
				INFOPLIST_FILE = "CollegeConnect/CollegeConnect-Info.plist";
				OTHER_LDFLAGS = (
					"-ObjC",
					"-lsqlite3.0",
					"-framework",
					CFNetwork,
					"-framework",
					CoreData,
					"-framework",
					CoreLocation,
					"-framework",
					MobileCoreServices,
					"-framework",
					Security,
					"-framework",
					SystemConfiguration,
					"-weak_framework",
					Accounts,
					"-weak_framework",
					AdSupport,
					"-weak_framework",
					Security,
					"-weak_framework",
					Social,
					"-all_load",
				);
				PRODUCT_NAME = "$(TARGET_NAME)";
				WRAPPER_EXTENSION = app;
			};
			name = Debug;
		};
		A784C5B4173A865E005E4921 /* Release */ = {
			isa = XCBuildConfiguration;
			baseConfigurationReference = 9BB59B0DCE10407AB5B88568 /* Pods.xcconfig */;
			buildSettings = {
				GCC_PRECOMPILE_PREFIX_HEADER = YES;
				GCC_PREFIX_HEADER = "CollegeConnect/CollegeConnect-Prefix.pch";
				INFOPLIST_FILE = "CollegeConnect/CollegeConnect-Info.plist";
				OTHER_LDFLAGS = (
					"-ObjC",
					"-lsqlite3.0",
					"-framework",
					CFNetwork,
					"-framework",
					CoreData,
					"-framework",
					CoreLocation,
					"-framework",
					MobileCoreServices,
					"-framework",
					Security,
					"-framework",
					SystemConfiguration,
					"-weak_framework",
					Accounts,
					"-weak_framework",
					AdSupport,
					"-weak_framework",
					Security,
					"-weak_framework",
					Social,
					"-all_load",
				);
				PRODUCT_NAME = "$(TARGET_NAME)";
				WRAPPER_EXTENSION = app;
			};
			name = Release;
		};
/* End XCBuildConfiguration section */

/* Begin XCConfigurationList section */
		A784C590173A865E005E4921 /* Build configuration list for PBXProject "CollegeConnect" */ = {
			isa = XCConfigurationList;
			buildConfigurations = (
				A784C5B0173A865E005E4921 /* Debug */,
				A784C5B1173A865E005E4921 /* Release */,
			);
			defaultConfigurationIsVisible = 0;
			defaultConfigurationName = Release;
		};
		A784C5B2173A865E005E4921 /* Build configuration list for PBXNativeTarget "CollegeConnect" */ = {
			isa = XCConfigurationList;
			buildConfigurations = (
				A784C5B3173A865E005E4921 /* Debug */,
				A784C5B4173A865E005E4921 /* Release */,
			);
			defaultConfigurationIsVisible = 0;
			defaultConfigurationName = Release;
		};
/* End XCConfigurationList section */
	};
	rootObject = A784C58D173A865E005E4921 /* Project object */;
}
